
Microsoft Visual Studio Solution File, Format Version 12.00
# Visual Studio Version 17
VisualStudioVersion = 17.7.34024.191
MinimumVisualStudioVersion = 10.0.40219.1
Project("{8BC9CEB8-8B4A-11D0-8D11-00A0C91BC942}") = "Project1", "Project1.vcxproj", "{07C04138-B158-4DDC-987E-A6A5B15A106F}"
EndProject
Project("{FAE04EC0-301F-11D3-BF4B-00C04F79EFBC}") = "WinFormsApp1", "..\WinFormsApp1\WinFormsApp1.csproj", "{549A5951-51F2-4314-A477-F75A1031A4CF}"
EndProject
Global
	GlobalSection(SolutionConfigurationPlatforms) = preSolution
		Debug|Any CPU = Debug|Any CPU
		Debug|x64 = Debug|x64
		Debug|x86 = Debug|x86
		Release|Any CPU = Release|Any CPU
		Release|x64 = Release|x64
		Release|x86 = Release|x86
	EndGlobalSection
	GlobalSection(ProjectConfigurationPlatforms) = postSolution
		{07C04138-B158-4DDC-987E-A6A5B15A106F}.Debug|Any CPU.ActiveCfg = Debug|x64
		{07C04138-B158-4DDC-987E-A6A5B15A106F}.Debug|Any CPU.Build.0 = Debug|x64
		{07C04138-B158-4DDC-987E-A6A5B15A106F}.Debug|x64.ActiveCfg = Debug|x64
		{07C04138-B158-4DDC-987E-A6A5B15A106F}.Debug|x64.Build.0 = Debug|x64
		{07C04138-B158-4DDC-987E-A6A5B15A106F}.Debug|x86.ActiveCfg = Debug|Win32
		{07C04138-B158-4DDC-987E-A6A5B15A106F}.Debug|x86.Build.0 = Debug|Win32
		{07C04138-B158-4DDC-987E-A6A5B15A106F}.Release|Any CPU.ActiveCfg = Release|x64
		{07C04138-B158-4DDC-987E-A6A5B15A106F}.Release|Any CPU.Build.0 = Release|x64
		{07C04138-B158-4DDC-987E-A6A5B15A106F}.Release|x64.ActiveCfg = Release|x64
		{07C04138-B158-4DDC-987E-A6A5B15A106F}.Release|x64.Build.0 = Release|x64
		{07C04138-B158-4DDC-987E-A6A5B15A106F}.Release|x86.ActiveCfg = Release|Win32
		{07C04138-B158-4DDC-987E-A6A5B15A106F}.Release|x86.Build.0 = Release|Win32
		{549A5951-51F2-4314-A477-F75A1031A4CF}.Debug|Any CPU.ActiveCfg = Debug|Any CPU
		{549A5951-51F2-4314-A477-F75A1031A4CF}.Debug|Any CPU.Build.0 = Debug|Any CPU
		{549A5951-51F2-4314-A477-F75A1031A4CF}.Debug|x64.ActiveCfg = Debug|Any CPU
		{549A5951-51F2-4314-A477-F75A1031A4CF}.Debug|x64.Build.0 = Debug|Any CPU
		{549A5951-51F2-4314-A477-F75A1031A4CF}.Debug|x86.ActiveCfg = Debug|Any CPU
		{549A5951-51F2-4314-A477-F75A1031A4CF}.Debug|x86.Build.0 = Debug|Any CPU
		{549A5951-51F2-4314-A477-F75A1031A4CF}.Release|Any CPU.ActiveCfg = Release|Any CPU
		{549A5951-51F2-4314-A477-F75A1031A4CF}.Release|Any CPU.Build.0 = Release|Any CPU
		{549A5951-51F2-4314-A477-F75A1031A4CF}.Release|x64.ActiveCfg = Release|Any CPU
		{549A5951-51F2-4314-A477-F75A1031A4CF}.Release|x64.Build.0 = Release|Any CPU
		{549A5951-51F2-4314-A477-F75A1031A4CF}.Release|x86.ActiveCfg = Release|Any CPU
		{549A5951-51F2-4314-A477-F75A1031A4CF}.Release|x86.Build.0 = Release|Any CPU
	EndGlobalSection
	GlobalSection(SolutionProperties) = preSolution
		HideSolutionNode = FALSE
	EndGlobalSection
	GlobalSection(ExtensibilityGlobals) = postSolution
		SolutionGuid = {5F8E5160-4BDA-46CE-B01A-9F4C0CB5AA54}
	EndGlobalSection
EndGlobal
