
Microsoft Visual Studio Solution File, Format Version 12.00
# Visual Studio Version 17
VisualStudioVersion = 17.11.35222.181
MinimumVisualStudioVersion = 10.0.40219.1
Project("{FAE04EC0-301F-11D3-BF4B-00C04F79EFBC}") = "Laba7SP", "Laba7SP\Laba7SP.csproj", "{F08D30AF-E56F-45BE-87DE-C72E047ED81B}"
EndProject
Global
	GlobalSection(SolutionConfigurationPlatforms) = preSolution
		Debug|Any CPU = Debug|Any CPU
		Release|Any CPU = Release|Any CPU
	EndGlobalSection
	GlobalSection(ProjectConfigurationPlatforms) = postSolution
		{F08D30AF-E56F-45BE-87DE-C72E047ED81B}.Debug|Any CPU.ActiveCfg = Debug|Any CPU
		{F08D30AF-E56F-45BE-87DE-C72E047ED81B}.Debug|Any CPU.Build.0 = Debug|Any CPU
		{F08D30AF-E56F-45BE-87DE-C72E047ED81B}.Release|Any CPU.ActiveCfg = Release|Any CPU
		{F08D30AF-E56F-45BE-87DE-C72E047ED81B}.Release|Any CPU.Build.0 = Release|Any CPU
	EndGlobalSection
	GlobalSection(SolutionProperties) = preSolution
		HideSolutionNode = FALSE
	EndGlobalSection
	GlobalSection(ExtensibilityGlobals) = postSolution
		SolutionGuid = {7BB31B6D-EE73-4ADB-9EF8-E4FC124B81B1}
	EndGlobalSection
EndGlobal
